PODS:
  - ChartboostSDK (9.14.0)
  - FBAudienceNetwork (6.22.0)
  - Google-Mobile-Ads-SDK (11.7.0):
    - GoogleUserMessagingPlatform (>= 1.1)
  - GoogleUserMessagingPlatform (3.1.0)
  - InMobiSDK (11.4.1)
  - IronSourceAdQualitySDK (9.9.0)
  - UnityAds (4.20.0):
    - IronSourceAdQualitySDK (< 10.0.0)
    - UnityCoherenceLib (= 0.1.0)
  - UnityCoherenceLib (0.1.0)
  - VungleSDK-iOS (6.12.3)

DEPENDENCIES:
  - ChartboostSDK
  - FBAudienceNetwork
  - Google-Mobile-Ads-SDK (= 11.7.0)
  - InMobiSDK
  - UnityAds
  - VungleSDK-iOS

SPEC REPOS:
  trunk:
    - ChartboostSDK
    - FBAudienceNetwork
    - Google-Mobile-Ads-SDK
    - GoogleUserMessagingPlatform
    - InMobiSDK
    - IronSourceAdQualitySDK
    - UnityAds
    - UnityCoherenceLib
    - VungleSDK-iOS

SPEC CHECKSUMS:
  ChartboostSDK: c3467cf8559d6f203ae50de6b507fc48bcaeefc4
  FBAudienceNetwork: b05c65487114aa3bf3a68e865c60937a9fb03b69
  Google-Mobile-Ads-SDK: 204b517c9765169144cf39763c7f5d23c57a9db0
  GoogleUserMessagingPlatform: befe603da6501006420c206222acd449bba45a9c
  InMobiSDK: 45b8b7e2af6e241b028b94c63b3d1d6113a12945
  IronSourceAdQualitySDK: 8797f78661d72fc2bef00e8c1055047132dc7249
  UnityAds: aac7752619961224969a1bfea8b5077d2b93005f
  UnityCoherenceLib: d9be08c5b9c2880cb220c7ecd643f97ebda422b7
  VungleSDK-iOS: 27725029a42dfb9e39c67956637233fde1ee1797

PODFILE CHECKSUM: a4d29a49ae59616419169f0a477659b8bb062ead

COCOAPODS: 1.17.0
